
Microsoft Visual Studio Solution File, Format Version 12.00
# Visual Studio Version 16
VisualStudioVersion = 16.0.31613.86
MinimumVisualStudioVersion = 10.0.40219.1
Project("{888888A0-9F3D-457C-B088-3A5042F75D52}") = "POO", "POO.pyproj", "{92F8CE73-FB93-4E5B-8815-C23B33A7DA72}"
EndProject
Global
	GlobalSection(SolutionConfigurationPlatforms) = preSolution
		Debug|Any CPU = Debug|Any CPU
		Release|Any CPU = Release|Any CPU
	EndGlobalSection
	GlobalSection(ProjectConfigurationPlatforms) = postSolution
		{92F8CE73-FB93-4E5B-8815-C23B33A7DA72}.Debug|Any CPU.ActiveCfg = Debug|Any CPU
		{92F8CE73-FB93-4E5B-8815-C23B33A7DA72}.Release|Any CPU.ActiveCfg = Release|Any CPU
	EndGlobalSection
	GlobalSection(SolutionProperties) = preSolution
		HideSolutionNode = FALSE
	EndGlobalSection
	GlobalSection(ExtensibilityGlobals) = postSolution
		SolutionGuid = {782D7BB1-2592-480D-A0F8-763D7D2228D2}
	EndGlobalSection
EndGlobal
